PODS:
  - Flutter (1.0.0)
  - flutter_native_timezone_latest (0.0.1):
    - Flutter
  - isar_community_flutter_libs (1.0.0):
    - Flutter
  - open_file_ios (1.0.3):
    - Flutter
  - printing (1.0.0):
    - Flutter
  - workmanager_apple (0.0.1):
    - Flutter

DEPENDENCIES:
  - Flutter (from `Flutter`)
  - flutter_native_timezone_latest (from `.symlinks/plugins/flutter_native_timezone_latest/ios`)
  - isar_community_flutter_libs (from `.symlinks/plugins/isar_community_flutter_libs/ios`)
  - open_file_ios (from `.symlinks/plugins/open_file_ios/ios`)
  - printing (from `.symlinks/plugins/printing/ios`)
  - workmanager_apple (from `.symlinks/plugins/workmanager_apple/ios`)

EXTERNAL SOURCES:
  Flutter:
    :path: Flutter
  flutter_native_timezone_latest:
    :path: ".symlinks/plugins/flutter_native_timezone_latest/ios"
  isar_community_flutter_libs:
    :path: ".symlinks/plugins/isar_community_flutter_libs/ios"
  open_file_ios:
    :path: ".symlinks/plugins/open_file_ios/ios"
  printing:
    :path: ".symlinks/plugins/printing/ios"
  workmanager_apple:
    :path: ".symlinks/plugins/workmanager_apple/ios"

SPEC CHECKSUMS:
  Flutter: cabc95a1d2626b1b06e7179b784ebcf0c0cde467
  flutter_native_timezone_latest: c9138923a99d853406f8bc139c63085fcd33f293
  isar_community_flutter_libs: bede843185a61a05ff364a05c9b23209523f7e0d
  open_file_ios: 46184d802ee7959203f6392abcfa0dd49fdb5be0
  printing: 54ff03f28fe9ba3aa93358afb80a8595a071dd07
  workmanager_apple: 904529ae31e97fc5be632cf628507652294a0778

PODFILE CHECKSUM: e30f02f9d1c72c47bb6344a0a748c9d268180865

COCOAPODS: 1.16.2
